PODS:
  - Alamofire (5.2.0)
  - CDAlertView (0.10.0)
  - RxCocoa (5.1.1):
    - RxRelay (~> 5)
    - RxSwift (~> 5)
  - RxRelay (5.1.1):
    - RxSwift (~> 5)
  - RxSwift (5.1.1)

DEPENDENCIES:
  - Alamofire
  - CDAlertView
  - RxCocoa
  - RxSwift

SPEC REPOS:
  trunk:
    - Alamofire
    - CDAlertView
    - RxCocoa
    - RxRelay
    - RxSwift

SPEC CHECKSUMS:
  Alamofire: c1ca147559e730bfb2182c8c7aafbdd90a867987
  CDAlertView: ee6a87c90c4283c8d316d55633db1a6981f1cc51
  RxCocoa: 32065309a38d29b5b0db858819b5bf9ef038b601
  RxRelay: d77f7d771495f43c556cbc43eebd1bb54d01e8e9
  RxSwift: 81470a2074fa8780320ea5fe4102807cb7118178

PODFILE CHECKSUM: de3b1b0b3aef1f9539cbdd67b85d2fbab70e5846

COCOAPODS: 1.9.3
